
Microsoft Visual Studio Solution File, Format Version 12.00
# Visual Studio Version 17
VisualStudioVersion = 17.7.34024.191
MinimumVisualStudioVersion = 10.0.40219.1
Project("{FAE04EC0-301F-11D3-BF4B-00C04F79EFBC}") = "EntregaFinal", "EntregaFinal.csproj", "{FBAA84CC-7C91-49F9-AB74-A0537D211887}"
EndProject
Global
	GlobalSection(SolutionConfigurationPlatforms) = preSolution
		Debug|Any CPU = Debug|Any CPU
		Release|Any CPU = Release|Any CPU
	EndGlobalSection
	GlobalSection(ProjectConfigurationPlatforms) = postSolution
		{FBAA84CC-7C91-49F9-AB74-A0537D211887}.Debug|Any CPU.ActiveCfg = Debug|Any CPU
		{FBAA84CC-7C91-49F9-AB74-A0537D211887}.Debug|Any CPU.Build.0 = Debug|Any CPU
		{FBAA84CC-7C91-49F9-AB74-A0537D211887}.Release|Any CPU.ActiveCfg = Release|Any CPU
		{FBAA84CC-7C91-49F9-AB74-A0537D211887}.Release|Any CPU.Build.0 = Release|Any CPU
	EndGlobalSection
	GlobalSection(SolutionProperties) = preSolution
		HideSolutionNode = FALSE
	EndGlobalSection
	GlobalSection(ExtensibilityGlobals) = postSolution
		SolutionGuid = {8C01B180-5153-459D-98FC-BFA21B0C14BE}
	EndGlobalSection
EndGlobal
